PODS:
  - Alamofire (4.9.1)
  - ApplicasterSDK (12.0.8):
    - Alamofire (= 4.9.1)
    - CocoaLumberjack/Swift (= 3.5.3)
    - FBSDKCoreKit (= 5.2.3)
    - FBSDKLoginKit (= 5.2.3)
    - FBSDKShareKit (= 5.2.3)
    - SSZipArchive (= 2.1.0)
    - TTTAttributedLabel (= 2.1.0)
    - TwitterKit (= 3.4.2)
    - ZappPlugins (~> 11.1.0)
  - CocoaLumberjack/Core (3.5.3)
  - CocoaLumberjack/Swift (3.5.3):
    - CocoaLumberjack/Core
  - FBSDKCoreKit (5.2.3):
    - FBSDKCoreKit/Basics (= 5.2.3)
    - FBSDKCoreKit/Core (= 5.2.3)
  - FBSDKCoreKit/Basics (5.2.3)
  - FBSDKCoreKit/Core (5.2.3):
    - FBSDKCoreKit/Basics
  - FBSDKLoginKit (5.2.3):
    - FBSDKCoreKit (~> 5.0)
  - FBSDKShareKit (5.2.3):
    - FBSDKCoreKit (~> 5.0)
  - JWPlayer-SDK (3.10.0)
  - JWPlayerPlugin (3.2.3):
    - ApplicasterSDK
    - JWPlayer-SDK (~> 3.0)
    - ZappLoginPluginsSDK
    - ZappPlugins
  - PluginPresenter (0.1.1)
  - SSZipArchive (2.1.0)
  - TTTAttributedLabel (2.1.0)
  - TwitterCore (3.2.0)
  - TwitterKit (3.4.2):
    - TwitterCore (>= 3.2.0)
  - ZappAnalyticsPluginsSDK (10.0.0):
    - ZappPlugins
  - ZappCore (0.5.0)
  - ZappGeneralPluginsSDK (10.0.0):
    - ZappPlugins
  - ZappLoginPluginsSDK (10.0.0):
    - Alamofire
    - ZappPlugins
  - ZappPlugins (11.1.8):
    - ZappCore
  - ZappPushPluginsSDK (10.0.0):
    - ZappPlugins

DEPENDENCIES:
  - ApplicasterSDK
  - JWPlayerPlugin
  - PluginPresenter
  - ZappAnalyticsPluginsSDK
  - ZappGeneralPluginsSDK
  - ZappLoginPluginsSDK
  - ZappPlugins
  - ZappPushPluginsSDK

SPEC REPOS:
  "git@github.com:applicaster/CocoaPods-Private.git":
    - JWPlayerPlugin
    - ZappAnalyticsPluginsSDK
    - ZappGeneralPluginsSDK
    - ZappLoginPluginsSDK
    - ZappPushPluginsSDK
  "git@github.com:applicaster/CocoaPods.git":
    - ApplicasterSDK
    - TTTAttributedLabel
    - ZappCore
    - ZappPlugins
  "git@github.com:applicaster/PluginPresenter-iOS.git":
    - PluginPresenter
  trunk:
    - Alamofire
    - CocoaLumberjack
    - FBSDKCoreKit
    - FBSDKLoginKit
    - FBSDKShareKit
    - JWPlayer-SDK
    - SSZipArchive
    - TwitterCore
    - TwitterKit

SPEC CHECKSUMS:
  Alamofire: 85e8a02c69d6020a0d734f6054870d7ecb75cf18
  ApplicasterSDK: 833ea3163d0777b8b922cdba539edcbfbd8b479e
  CocoaLumberjack: 2f44e60eb91c176d471fdba43b9e3eae6a721947
  FBSDKCoreKit: 5154c35d9058fd7dfa0445ba19e194c4b172fc32
  FBSDKLoginKit: dc98b6bf12334f1a42f28d0457fffc9aa3d1eca5
  FBSDKShareKit: 6f9c622f9a5d051f43f2dab6f753d5198422b89c
  JWPlayer-SDK: 8dc41291d7c72cb53d98f65115ceba038757a9cd
  JWPlayerPlugin: 52cd52bf3de88bc55741b07dfb795649b7de8f21
  PluginPresenter: 1b3d0234c164216dae92b6cd81e79521b929adaa
  SSZipArchive: 1e8e53dcb11bca3ded4738958dc49fc467320a14
  TTTAttributedLabel: f8c7f1dbc7b8f7168e23e8b4764dda2e3b74aae8
  TwitterCore: 8cbc9ad34d91c63a0035ea05bfbfc0d7ca72a28c
  TwitterKit: 5e4f41d70b9abdb41df5467f52d7aa2c0fd26ebb
  ZappAnalyticsPluginsSDK: b3b7b43e01b54cdc5b0a7f618ddb777e99155167
  ZappCore: f92ff80112b8dfac6ebba117b393df0665e93241
  ZappGeneralPluginsSDK: bc83b7c4003e731dc1ee95c179841cee8a221c8e
  ZappLoginPluginsSDK: c3878278931d1b3da58cf7d8afafd6aed2a9c66d
  ZappPlugins: 20bdc1011c0da748aa9c00e33f7f13bc8a36990a
  ZappPushPluginsSDK: 9f5001a3d295d4f1a33680fd91a6a6bf8910f0e3

PODFILE CHECKSUM: cf7f2e929e72b41656531e189456c7a39f052a10

COCOAPODS: 1.8.4
